// !$*UTF8*$!
{
	archiveVersion = 1;
	classes = {
	};
	objectVersion = 50;
	objects = {

/* Begin PBXBuildFile section */
		0BBB108E25D415A600732D92 /* MessageExtension.swift in Sources */ = {isa = PBXBuildFile; fileRef = 0BBB108D25D415A600732D92 /* MessageExtension.swift */; };
		0BBB109325D4260B00732D92 /* LocationExtension.swift in Sources */ = {isa = PBXBuildFile; fileRef = 0BBB109225D4260B00732D92 /* LocationExtension.swift */; };
		0BD06D4625CF3785006D74B1 /* Friend.swift in Sources */ = {isa = PBXBuildFile; fileRef = 0BD06D4225CF3785006D74B1 /* Friend.swift */; };
		0BD06D4825CF3785006D74B1 /* User.swift in Sources */ = {isa = PBXBuildFile; fileRef = 0BD06D4425CF3785006D74B1 /* User.swift */; };
		0BD06D4925CF3785006D74B1 /* User+CoreData.swift in Sources */ = {isa = PBXBuildFile; fileRef = 0BD06D4525CF3785006D74B1 /* User+CoreData.swift */; };
		0BD06D6025CF39C7006D74B1 /* MainViewModel.swift in Sources */ = {isa = PBXBuildFile; fileRef = 0BD06D5F25CF39C7006D74B1 /* MainViewModel.swift */; };
		0BD06D6525D34B77006D74B1 /* CardViewModel.swift in Sources */ = {isa = PBXBuildFile; fileRef = 0BD06D6425D34B77006D74B1 /* CardViewModel.swift */; };
		0BD06D6B25D3533A006D74B1 /* StringExtension.swift in Sources */ = {isa = PBXBuildFile; fileRef = 0BD06D6A25D3533A006D74B1 /* StringExtension.swift */; };
		0BEF4DF125CD86D300B6FE8C /* AppDelegate.swift in Sources */ = {isa = PBXBuildFile; fileRef = 0BEF4DF025CD86D300B6FE8C /* AppDelegate.swift */; };
		0BEF4DF325CD86D300B6FE8C /* SceneDelegate.swift in Sources */ = {isa = PBXBuildFile; fileRef = 0BEF4DF225CD86D300B6FE8C /* SceneDelegate.swift */; };
		0BEF4DF525CD86D300B6FE8C /* MainViewController.swift in Sources */ = {isa = PBXBuildFile; fileRef = 0BEF4DF425CD86D300B6FE8C /* MainViewController.swift */; };
		0BEF4DF825CD86D300B6FE8C /* Main.storyboard in Resources */ = {isa = PBXBuildFile; fileRef = 0BEF4DF625CD86D300B6FE8C /* Main.storyboard */; };
		0BEF4DFB25CD86D300B6FE8C /* ClickUpdate.xcdatamodeld in Sources */ = {isa = PBXBuildFile; fileRef = 0BEF4DF925CD86D300B6FE8C /* ClickUpdate.xcdatamodeld */; };
		0BEF4DFD25CD86D400B6FE8C /* Assets.xcassets in Resources */ = {isa = PBXBuildFile; fileRef = 0BEF4DFC25CD86D400B6FE8C /* Assets.xcassets */; };
		0BEF4E0025CD86D400B6FE8C /* LaunchScreen.storyboard in Resources */ = {isa = PBXBuildFile; fileRef = 0BEF4DFE25CD86D400B6FE8C /* LaunchScreen.storyboard */; };
		0BEF4E0B25CD86D500B6FE8C /* ClickUpdateTests.swift in Sources */ = {isa = PBXBuildFile; fileRef = 0BEF4E0A25CD86D500B6FE8C /* ClickUpdateTests.swift */; };
		0BEF4E1625CD86D500B6FE8C /* ClickUpdateUITests.swift in Sources */ = {isa = PBXBuildFile; fileRef = 0BEF4E1525CD86D500B6FE8C /* ClickUpdateUITests.swift */; };
		0BEF4E3325CD894300B6FE8C /* CloudKit.framework in Frameworks */ = {isa = PBXBuildFile; fileRef = 0BEF4E3225CD894300B6FE8C /* CloudKit.framework */; };
		0BEF4E3825CECB2800B6FE8C /* Card.swift in Sources */ = {isa = PBXBuildFile; fileRef = 0BEF4E3725CECB2800B6FE8C /* Card.swift */; };
		0BEF4E3D25CED00D00B6FE8C /* CardView.swift in Sources */ = {isa = PBXBuildFile; fileRef = 0BEF4E3C25CED00D00B6FE8C /* CardView.swift */; };
		0BEF4E4225CED04400B6FE8C /* ContentView.swift in Sources */ = {isa = PBXBuildFile; fileRef = 0BEF4E4125CED04400B6FE8C /* ContentView.swift */; };
/* End PBXBuildFile section */

/* Begin PBXContainerItemProxy section */
		0BEF4E0725CD86D500B6FE8C /* PBXContainerItemProxy */ = {
			isa = PBXContainerItemProxy;
			containerPortal = 0BEF4DE525CD86D300B6FE8C /* Project object */;
			proxyType = 1;
			remoteGlobalIDString = 0BEF4DEC25CD86D300B6FE8C;
			remoteInfo = ClickUpdate;
		};
		0BEF4E1225CD86D500B6FE8C /* PBXContainerItemProxy */ = {
			isa = PBXContainerItemProxy;
			containerPortal = 0BEF4DE525CD86D300B6FE8C /* Project object */;
			proxyType = 1;
			remoteGlobalIDString = 0BEF4DEC25CD86D300B6FE8C;
			remoteInfo = ClickUpdate;
		};
/* End PBXContainerItemProxy section */

/* Begin PBXFileReference section */
		0BBB108D25D415A600732D92 /* MessageExtension.swift */ = {isa = PBXFileReference; lastKnownFileType = sourcecode.swift; path = MessageExtension.swift; sourceTree = "<group>"; };
		0BBB109225D4260B00732D92 /* LocationExtension.swift */ = {isa = PBXFileReference; lastKnownFileType = sourcecode.swift; path = LocationExtension.swift; sourceTree = "<group>"; };
		0BD06D4225CF3785006D74B1 /* Friend.swift */ = {isa = PBXFileReference; lastKnownFileType = sourcecode.swift; path = Friend.swift; sourceTree = "<group>"; };
		0BD06D4425CF3785006D74B1 /* User.swift */ = {isa = PBXFileReference; lastKnownFileType = sourcecode.swift; path = User.swift; sourceTree = "<group>"; };
		0BD06D4525CF3785006D74B1 /* User+CoreData.swift */ = {isa = PBXFileReference; lastKnownFileType = sourcecode.swift; path = "User+CoreData.swift"; sourceTree = "<group>"; };
		0BD06D5F25CF39C7006D74B1 /* MainViewModel.swift */ = {isa = PBXFileReference; lastKnownFileType = sourcecode.swift; path = MainViewModel.swift; sourceTree = "<group>"; };
		0BD06D6425D34B77006D74B1 /* CardViewModel.swift */ = {isa = PBXFileReference; lastKnownFileType = sourcecode.swift; path = CardViewModel.swift; sourceTree = "<group>"; };
		0BD06D6A25D3533A006D74B1 /* StringExtension.swift */ = {isa = PBXFileReference; lastKnownFileType = sourcecode.swift; path = StringExtension.swift; sourceTree = "<group>"; };
		0BEF4DED25CD86D300B6FE8C /* ClickUpdate.app */ = {isa = PBXFileReference; explicitFileType = wrapper.application; includeInIndex = 0; path = ClickUpdate.app; sourceTree = BUILT_PRODUCTS_DIR; };
		0BEF4DF025CD86D300B6FE8C /* AppDelegate.swift */ = {isa = PBXFileReference; lastKnownFileType = sourcecode.swift; path = AppDelegate.swift; sourceTree = "<group>"; };
		0BEF4DF225CD86D300B6FE8C /* SceneDelegate.swift */ = {isa = PBXFileReference; lastKnownFileType = sourcecode.swift; path = SceneDelegate.swift; sourceTree = "<group>"; };
		0BEF4DF425CD86D300B6FE8C /* MainViewController.swift */ = {isa = PBXFileReference; lastKnownFileType = sourcecode.swift; path = MainViewController.swift; sourceTree = "<group>"; };
		0BEF4DF725CD86D300B6FE8C /* Base */ = {isa = PBXFileReference; lastKnownFileType = file.storyboard; name = Base; path = Base.lproj/Main.storyboard; sourceTree = "<group>"; };
		0BEF4DFA25CD86D300B6FE8C /* ClickUpdate.xcdatamodel */ = {isa = PBXFileReference; lastKnownFileType = wrapper.xcdatamodel; path = ClickUpdate.xcdatamodel; sourceTree = "<group>"; };
		0BEF4DFC25CD86D400B6FE8C /* Assets.xcassets */ = {isa = PBXFileReference; lastKnownFileType = folder.assetcatalog; path = Assets.xcassets; sourceTree = "<group>"; };
		0BEF4DFF25CD86D400B6FE8C /* Base */ = {isa = PBXFileReference; lastKnownFileType = file.storyboard; name = Base; path = Base.lproj/LaunchScreen.storyboard; sourceTree = "<group>"; };
		0BEF4E0125CD86D400B6FE8C /* Info.plist */ = {isa = PBXFileReference; lastKnownFileType = text.plist.xml; path = Info.plist; sourceTree = "<group>"; };
		0BEF4E0625CD86D500B6FE8C /* ClickUpdateTests.xctest */ = {isa = PBXFileReference; explicitFileType = wrapper.cfbundle; includeInIndex = 0; path = ClickUpdateTests.xctest; sourceTree = BUILT_PRODUCTS_DIR; };
		0BEF4E0A25CD86D500B6FE8C /* ClickUpdateTests.swift */ = {isa = PBXFileReference; lastKnownFileType = sourcecode.swift; path = ClickUpdateTests.swift; sourceTree = "<group>"; };
		0BEF4E0C25CD86D500B6FE8C /* Info.plist */ = {isa = PBXFileReference; lastKnownFileType = text.plist.xml; path = Info.plist; sourceTree = "<group>"; };
		0BEF4E1125CD86D500B6FE8C /* ClickUpdateUITests.xctest */ = {isa = PBXFileReference; explicitFileType = wrapper.cfbundle; includeInIndex = 0; path = ClickUpdateUITests.xctest; sourceTree = BUILT_PRODUCTS_DIR; };
		0BEF4E1525CD86D500B6FE8C /* ClickUpdateUITests.swift */ = {isa = PBXFileReference; lastKnownFileType = sourcecode.swift; path = ClickUpdateUITests.swift; sourceTree = "<group>"; };
		0BEF4E1725CD86D500B6FE8C /* Info.plist */ = {isa = PBXFileReference; lastKnownFileType = text.plist.xml; path = Info.plist; sourceTree = "<group>"; };
		0BEF4E2D25CD893E00B6FE8C /* ClickUpdate.entitlements */ = {isa = PBXFileReference; lastKnownFileType = text.plist.entitlements; path = ClickUpdate.entitlements; sourceTree = "<group>"; };
		0BEF4E3225CD894300B6FE8C /* CloudKit.framework */ = {isa = PBXFileReference; lastKnownFileType = wrapper.framework; name = CloudKit.framework; path = System/Library/Frameworks/CloudKit.framework; sourceTree = SDKROOT; };
		0BEF4E3725CECB2800B6FE8C /* Card.swift */ = {isa = PBXFileReference; lastKnownFileType = sourcecode.swift; path = Card.swift; sourceTree = "<group>"; };
		0BEF4E3C25CED00D00B6FE8C /* CardView.swift */ = {isa = PBXFileReference; lastKnownFileType = sourcecode.swift; path = CardView.swift; sourceTree = "<group>"; };
		0BEF4E4125CED04400B6FE8C /* ContentView.swift */ = {isa = PBXFileReference; lastKnownFileType = sourcecode.swift; path = ContentView.swift; sourceTree = "<group>"; };
/* End PBXFileReference section */

/* Begin PBXFrameworksBuildPhase section */
		0BEF4DEA25CD86D300B6FE8C /* Frameworks */ = {
			isa = PBXFrameworksBuildPhase;
			buildActionMask = 2147483647;
			files = (
				0BEF4E3325CD894300B6FE8C /* CloudKit.framework in Frameworks */,
			);
			runOnlyForDeploymentPostprocessing = 0;
		};
		0BEF4E0325CD86D500B6FE8C /* Frameworks */ = {
			isa = PBXFrameworksBuildPhase;
			buildActionMask = 2147483647;
			files = (
			);
			runOnlyForDeploymentPostprocessing = 0;
		};
		0BEF4E0E25CD86D500B6FE8C /* Frameworks */ = {
			isa = PBXFrameworksBuildPhase;
			buildActionMask = 2147483647;
			files = (
			);
			runOnlyForDeploymentPostprocessing = 0;
		};
/* End PBXFrameworksBuildPhase section */

/* Begin PBXGroup section */
		0BD06D6925D352F4006D74B1 /* Utils */ = {
			isa = PBXGroup;
			children = (
				0BD06D6A25D3533A006D74B1 /* StringExtension.swift */,
			);
			path = Utils;
			sourceTree = "<group>";
		};
		0BEF4DE425CD86D300B6FE8C = {
			isa = PBXGroup;
			children = (
				0BEF4DEF25CD86D300B6FE8C /* ClickUpdate */,
				0BEF4E0925CD86D500B6FE8C /* ClickUpdateTests */,
				0BEF4E1425CD86D500B6FE8C /* ClickUpdateUITests */,
				0BEF4DEE25CD86D300B6FE8C /* Products */,
				0BEF4E3125CD894300B6FE8C /* Frameworks */,
			);
			sourceTree = "<group>";
		};
		0BEF4DEE25CD86D300B6FE8C /* Products */ = {
			isa = PBXGroup;
			children = (
				0BEF4DED25CD86D300B6FE8C /* ClickUpdate.app */,
				0BEF4E0625CD86D500B6FE8C /* ClickUpdateTests.xctest */,
				0BEF4E1125CD86D500B6FE8C /* ClickUpdateUITests.xctest */,
			);
			name = Products;
			sourceTree = "<group>";
		};
		0BEF4DEF25CD86D300B6FE8C /* ClickUpdate */ = {
			isa = PBXGroup;
			children = (
				0BEF4E2D25CD893E00B6FE8C /* ClickUpdate.entitlements */,
				0BEF4E2625CD881000B6FE8C /* Model */,
				0BEF4E2725CD881900B6FE8C /* View */,
				0BEF4E2925CD883900B6FE8C /* Controller */,
				0BEF4E2825CD882300B6FE8C /* ViewModel */,
				0BD06D6925D352F4006D74B1 /* Utils */,
				0BEF4DF025CD86D300B6FE8C /* AppDelegate.swift */,
				0BEF4DF225CD86D300B6FE8C /* SceneDelegate.swift */,
				0BEF4DFC25CD86D400B6FE8C /* Assets.xcassets */,
				0BEF4DFE25CD86D400B6FE8C /* LaunchScreen.storyboard */,
				0BEF4E0125CD86D400B6FE8C /* Info.plist */,
				0BEF4DF925CD86D300B6FE8C /* ClickUpdate.xcdatamodeld */,
			);
			path = ClickUpdate;
			sourceTree = "<group>";
		};
		0BEF4E0925CD86D500B6FE8C /* ClickUpdateTests */ = {
			isa = PBXGroup;
			children = (
				0BEF4E0A25CD86D500B6FE8C /* ClickUpdateTests.swift */,
				0BEF4E0C25CD86D500B6FE8C /* Info.plist */,
			);
			path = ClickUpdateTests;
			sourceTree = "<group>";
		};
		0BEF4E1425CD86D500B6FE8C /* ClickUpdateUITests */ = {
			isa = PBXGroup;
			children = (
				0BEF4E1525CD86D500B6FE8C /* ClickUpdateUITests.swift */,
				0BEF4E1725CD86D500B6FE8C /* Info.plist */,
			);
			path = ClickUpdateUITests;
			sourceTree = "<group>";
		};
		0BEF4E2625CD881000B6FE8C /* Model */ = {
			isa = PBXGroup;
			children = (
				0BEF4E3725CECB2800B6FE8C /* Card.swift */,
				0BD06D4225CF3785006D74B1 /* Friend.swift */,
				0BD06D4425CF3785006D74B1 /* User.swift */,
				0BD06D4525CF3785006D74B1 /* User+CoreData.swift */,
			);
			path = Model;
			sourceTree = "<group>";
		};
		0BEF4E2725CD881900B6FE8C /* View */ = {
			isa = PBXGroup;
			children = (
				0BEF4DF625CD86D300B6FE8C /* Main.storyboard */,
				0BEF4E4125CED04400B6FE8C /* ContentView.swift */,
				0BEF4E3C25CED00D00B6FE8C /* CardView.swift */,
			);
			path = View;
			sourceTree = "<group>";
		};
		0BEF4E2825CD882300B6FE8C /* ViewModel */ = {
			isa = PBXGroup;
			children = (
				0BD06D5F25CF39C7006D74B1 /* MainViewModel.swift */,
				0BD06D6425D34B77006D74B1 /* CardViewModel.swift */,
			);
			path = ViewModel;
			sourceTree = "<group>";
		};
		0BEF4E2925CD883900B6FE8C /* Controller */ = {
			isa = PBXGroup;
			children = (
				0BEF4DF425CD86D300B6FE8C /* MainViewController.swift */,
				0BBB108D25D415A600732D92 /* MessageExtension.swift */,
				0BBB109225D4260B00732D92 /* LocationExtension.swift */,
			);
			path = Controller;
			sourceTree = "<group>";
		};
		0BEF4E3125CD894300B6FE8C /* Frameworks */ = {
			isa = PBXGroup;
			children = (
				0BEF4E3225CD894300B6FE8C /* CloudKit.framework */,
			);
			name = Frameworks;
			sourceTree = "<group>";
		};
/* End PBXGroup section */

/* Begin PBXNativeTarget section */
		0BEF4DEC25CD86D300B6FE8C /* ClickUpdate */ = {
			isa = PBXNativeTarget;
			buildConfigurationList = 0BEF4E1A25CD86D500B6FE8C /* Build configuration list for PBXNativeTarget "ClickUpdate" */;
			buildPhases = (
				0BEF4DE925CD86D300B6FE8C /* Sources */,
				0BEF4DEA25CD86D300B6FE8C /* Frameworks */,
				0BEF4DEB25CD86D300B6FE8C /* Resources */,
			);
			buildRules = (
			);
			dependencies = (
			);
			name = ClickUpdate;
			productName = ClickUpdate;
			productReference = 0BEF4DED25CD86D300B6FE8C /* ClickUpdate.app */;
			productType = "com.apple.product-type.application";
		};
		0BEF4E0525CD86D500B6FE8C /* ClickUpdateTests */ = {
			isa = PBXNativeTarget;
			buildConfigurationList = 0BEF4E1D25CD86D500B6FE8C /* Build configuration list for PBXNativeTarget "ClickUpdateTests" */;
			buildPhases = (
				0BEF4E0225CD86D500B6FE8C /* Sources */,
				0BEF4E0325CD86D500B6FE8C /* Frameworks */,
				0BEF4E0425CD86D500B6FE8C /* Resources */,
			);
			buildRules = (
			);
			dependencies = (
				0BEF4E0825CD86D500B6FE8C /* PBXTargetDependency */,
			);
			name = ClickUpdateTests;
			productName = ClickUpdateTests;
			productReference = 0BEF4E0625CD86D500B6FE8C /* ClickUpdateTests.xctest */;
			productType = "com.apple.product-type.bundle.unit-test";
		};
		0BEF4E1025CD86D500B6FE8C /* ClickUpdateUITests */ = {
			isa = PBXNativeTarget;
			buildConfigurationList = 0BEF4E2025CD86D500B6FE8C /* Build configuration list for PBXNativeTarget "ClickUpdateUITests" */;
			buildPhases = (
				0BEF4E0D25CD86D500B6FE8C /* Sources */,
				0BEF4E0E25CD86D500B6FE8C /* Frameworks */,
				0BEF4E0F25CD86D500B6FE8C /* Resources */,
			);
			buildRules = (
			);
			dependencies = (
				0BEF4E1325CD86D500B6FE8C /* PBXTargetDependency */,
			);
			name = ClickUpdateUITests;
			productName = ClickUpdateUITests;
			productReference = 0BEF4E1125CD86D500B6FE8C /* ClickUpdateUITests.xctest */;
			productType = "com.apple.product-type.bundle.ui-testing";
		};
/* End PBXNativeTarget section */

/* Begin PBXProject section */
		0BEF4DE525CD86D300B6FE8C /* Project object */ = {
			isa = PBXProject;
			attributes = {
				LastSwiftUpdateCheck = 1230;
				LastUpgradeCheck = 1230;
				TargetAttributes = {
					0BEF4DEC25CD86D300B6FE8C = {
						CreatedOnToolsVersion = 12.3;
					};
					0BEF4E0525CD86D500B6FE8C = {
						CreatedOnToolsVersion = 12.3;
						TestTargetID = 0BEF4DEC25CD86D300B6FE8C;
					};
					0BEF4E1025CD86D500B6FE8C = {
						CreatedOnToolsVersion = 12.3;
						TestTargetID = 0BEF4DEC25CD86D300B6FE8C;
					};
				};
			};
			buildConfigurationList = 0BEF4DE825CD86D300B6FE8C /* Build configuration list for PBXProject "ClickUpdate" */;
			compatibilityVersion = "Xcode 9.3";
			developmentRegion = en;
			hasScannedForEncodings = 0;
			knownRegions = (
				en,
				Base,
			);
			mainGroup = 0BEF4DE425CD86D300B6FE8C;
			productRefGroup = 0BEF4DEE25CD86D300B6FE8C /* Products */;
			projectDirPath = "";
			projectRoot = "";
			targets = (
				0BEF4DEC25CD86D300B6FE8C /* ClickUpdate */,
				0BEF4E0525CD86D500B6FE8C /* ClickUpdateTests */,
				0BEF4E1025CD86D500B6FE8C /* ClickUpdateUITests */,
			);
		};
/* End PBXProject section */

/* Begin PBXResourcesBuildPhase section */
		0BEF4DEB25CD86D300B6FE8C /* Resources */ = {
			isa = PBXResourcesBuildPhase;
			buildActionMask = 2147483647;
			files = (
				0BEF4E0025CD86D400B6FE8C /* LaunchScreen.storyboard in Resources */,
				0BEF4DFD25CD86D400B6FE8C /* Assets.xcassets in Resources */,
				0BEF4DF825CD86D300B6FE8C /* Main.storyboard in Resources */,
			);
			runOnlyForDeploymentPostprocessing = 0;
		};
		0BEF4E0425CD86D500B6FE8C /* Resources */ = {
			isa = PBXResourcesBuildPhase;
			buildActionMask = 2147483647;
			files = (
			);
			runOnlyForDeploymentPostprocessing = 0;
		};
		0BEF4E0F25CD86D500B6FE8C /* Resources */ = {
			isa = PBXResourcesBuildPhase;
			buildActionMask = 2147483647;
			files = (
			);
			runOnlyForDeploymentPostprocessing = 0;
		};
/* End PBXResourcesBuildPhase section */

/* Begin PBXSourcesBuildPhase section */
		0BEF4DE925CD86D300B6FE8C /* Sources */ = {
			isa = PBXSourcesBuildPhase;
			buildActionMask = 2147483647;
			files = (
				0BEF4DF525CD86D300B6FE8C /* MainViewController.swift in Sources */,
				0BD06D4625CF3785006D74B1 /* Friend.swift in Sources */,
				0BEF4DFB25CD86D300B6FE8C /* ClickUpdate.xcdatamodeld in Sources */,
				0BBB109325D4260B00732D92 /* LocationExtension.swift in Sources */,
				0BD06D4825CF3785006D74B1 /* User.swift in Sources */,
				0BEF4E4225CED04400B6FE8C /* ContentView.swift in Sources */,
				0BEF4E3825CECB2800B6FE8C /* Card.swift in Sources */,
				0BD06D4925CF3785006D74B1 /* User+CoreData.swift in Sources */,
				0BEF4DF125CD86D300B6FE8C /* AppDelegate.swift in Sources */,
				0BD06D6525D34B77006D74B1 /* CardViewModel.swift in Sources */,
				0BEF4E3D25CED00D00B6FE8C /* CardView.swift in Sources */,
				0BEF4DF325CD86D300B6FE8C /* SceneDelegate.swift in Sources */,
				0BBB108E25D415A600732D92 /* MessageExtension.swift in Sources */,
				0BD06D6B25D3533A006D74B1 /* StringExtension.swift in Sources */,
				0BD06D6025CF39C7006D74B1 /* MainViewModel.swift in Sources */,
			);
			runOnlyForDeploymentPostprocessing = 0;
		};
		0BEF4E0225CD86D500B6FE8C /* Sources */ = {
			isa = PBXSourcesBuildPhase;
			buildActionMask = 2147483647;
			files = (
				0BEF4E0B25CD86D500B6FE8C /* ClickUpdateTests.swift in Sources */,
			);
			runOnlyForDeploymentPostprocessing = 0;
		};
		0BEF4E0D25CD86D500B6FE8C /* Sources */ = {
			isa = PBXSourcesBuildPhase;
			buildActionMask = 2147483647;
			files = (
				0BEF4E1625CD86D500B6FE8C /* ClickUpdateUITests.swift in Sources */,
			);
			runOnlyForDeploymentPostprocessing = 0;
		};
/* End PBXSourcesBuildPhase section */

/* Begin PBXTargetDependency section */
		0BEF4E0825CD86D500B6FE8C /* PBXTargetDependency */ = {
			isa = PBXTargetDependency;
			target = 0BEF4DEC25CD86D300B6FE8C /* ClickUpdate */;
			targetProxy = 0BEF4E0725CD86D500B6FE8C /* PBXContainerItemProxy */;
		};
		0BEF4E1325CD86D500B6FE8C /* PBXTargetDependency */ = {
			isa = PBXTargetDependency;
			target = 0BEF4DEC25CD86D300B6FE8C /* ClickUpdate */;
			targetProxy = 0BEF4E1225CD86D500B6FE8C /* PBXContainerItemProxy */;
		};
/* End PBXTargetDependency section */

/* Begin PBXVariantGroup section */
		0BEF4DF625CD86D300B6FE8C /* Main.storyboard */ = {
			isa = PBXVariantGroup;
			children = (
				0BEF4DF725CD86D300B6FE8C /* Base */,
			);
			name = Main.storyboard;
			sourceTree = "<group>";
		};
		0BEF4DFE25CD86D400B6FE8C /* LaunchScreen.storyboard */ = {
			isa = PBXVariantGroup;
			children = (
				0BEF4DFF25CD86D400B6FE8C /* Base */,
			);
			name = LaunchScreen.storyboard;
			sourceTree = "<group>";
		};
/* End PBXVariantGroup section */

/* Begin XCBuildConfiguration section */
		0BEF4E1825CD86D500B6FE8C /* Debug */ = {
			isa = XCBuildConfiguration;
			buildSettings = {
				ALWAYS_SEARCH_USER_PATHS = NO;
				CLANG_ANALYZER_NONNULL = YES;
				CLANG_ANALYZER_NUMBER_OBJECT_CONVERSION = YES_AGGRESSIVE;
				CLANG_CXX_LANGUAGE_STANDARD = "gnu++14";
				CLANG_CXX_LIBRARY = "libc++";
				CLANG_ENABLE_MODULES = YES;
				CLANG_ENABLE_OBJC_ARC = YES;
				CLANG_ENABLE_OBJC_WEAK = YES;
				CLANG_WARN_BLOCK_CAPTURE_AUTORELEASING = YES;
				CLANG_WARN_BOOL_CONVERSION = YES;
				CLANG_WARN_COMMA = YES;
				CLANG_WARN_CONSTANT_CONVERSION = YES;
				CLANG_WARN_DEPRECATED_OBJC_IMPLEMENTATIONS = YES;
				CLANG_WARN_DIRECT_OBJC_ISA_USAGE = YES_ERROR;
				CLANG_WARN_DOCUMENTATION_COMMENTS = YES;
				CLANG_WARN_EMPTY_BODY = YES;
				CLANG_WARN_ENUM_CONVERSION = YES;
				CLANG_WARN_INFINITE_RECURSION = YES;
				CLANG_WARN_INT_CONVERSION = YES;
				CLANG_WARN_NON_LITERAL_NULL_CONVERSION = YES;
				CLANG_WARN_OBJC_IMPLICIT_RETAIN_SELF = YES;
				CLANG_WARN_OBJC_LITERAL_CONVERSION = YES;
				CLANG_WARN_OBJC_ROOT_CLASS = YES_ERROR;
				CLANG_WARN_QUOTED_INCLUDE_IN_FRAMEWORK_HEADER = YES;
				CLANG_WARN_RANGE_LOOP_ANALYSIS = YES;
				CLANG_WARN_STRICT_PROTOTYPES = YES;
				CLANG_WARN_SUSPICIOUS_MOVE = YES;
				CLANG_WARN_UNGUARDED_AVAILABILITY = YES_AGGRESSIVE;
				CLANG_WARN_UNREACHABLE_CODE = YES;
				CLANG_WARN__DUPLICATE_METHOD_MATCH = YES;
				COPY_PHASE_STRIP = NO;
				DEBUG_INFORMATION_FORMAT = dwarf;
				ENABLE_STRICT_OBJC_MSGSEND = YES;
				ENABLE_TESTABILITY = YES;
				GCC_C_LANGUAGE_STANDARD = gnu11;
				GCC_DYNAMIC_NO_PIC = NO;
				GCC_NO_COMMON_BLOCKS = YES;
				GCC_OPTIMIZATION_LEVEL = 0;
				GCC_PREPROCESSOR_DEFINITIONS = (
					"DEBUG=1",
					"$(inherited)",
				);
				GCC_WARN_64_TO_32_BIT_CONVERSION = YES;
				GCC_WARN_ABOUT_RETURN_TYPE = YES_ERROR;
				GCC_WARN_UNDECLARED_SELECTOR = YES;
				GCC_WARN_UNINITIALIZED_AUTOS = YES_AGGRESSIVE;
				GCC_WARN_UNUSED_FUNCTION = YES;
				GCC_WARN_UNUSED_VARIABLE = YES;
				IPHONEOS_DEPLOYMENT_TARGET = 14.3;
				MTL_ENABLE_DEBUG_INFO = INCLUDE_SOURCE;
				MTL_FAST_MATH = YES;
				ONLY_ACTIVE_ARCH = YES;
				SDKROOT = iphoneos;
				SWIFT_ACTIVE_COMPILATION_CONDITIONS = DEBUG;
				SWIFT_OPTIMIZATION_LEVEL = "-Onone";
			};
			name = Debug;
		};
		0BEF4E1925CD86D500B6FE8C /* Release */ = {
			isa = XCBuildConfiguration;
			buildSettings = {
				ALWAYS_SEARCH_USER_PATHS = NO;
				CLANG_ANALYZER_NONNULL = YES;
				CLANG_ANALYZER_NUMBER_OBJECT_CONVERSION = YES_AGGRESSIVE;
				CLANG_CXX_LANGUAGE_STANDARD = "gnu++14";
				CLANG_CXX_LIBRARY = "libc++";
				CLANG_ENABLE_MODULES = YES;
				CLANG_ENABLE_OBJC_ARC = YES;
				CLANG_ENABLE_OBJC_WEAK = YES;
				CLANG_WARN_BLOCK_CAPTURE_AUTORELEASING = YES;
				CLANG_WARN_BOOL_CONVERSION = YES;
				CLANG_WARN_COMMA = YES;
				CLANG_WARN_CONSTANT_CONVERSION = YES;
				CLANG_WARN_DEPRECATED_OBJC_IMPLEMENTATIONS = YES;
				CLANG_WARN_DIRECT_OBJC_ISA_USAGE = YES_ERROR;
				CLANG_WARN_DOCUMENTATION_COMMENTS = YES;
				CLANG_WARN_EMPTY_BODY = YES;
				CLANG_WARN_ENUM_CONVERSION = YES;
				CLANG_WARN_INFINITE_RECURSION = YES;
				CLANG_WARN_INT_CONVERSION = YES;
				CLANG_WARN_NON_LITERAL_NULL_CONVERSION = YES;
				CLANG_WARN_OBJC_IMPLICIT_RETAIN_SELF = YES;
				CLANG_WARN_OBJC_LITERAL_CONVERSION = YES;
				CLANG_WARN_OBJC_ROOT_CLASS = YES_ERROR;
				CLANG_WARN_QUOTED_INCLUDE_IN_FRAMEWORK_HEADER = YES;
				CLANG_WARN_RANGE_LOOP_ANALYSIS = YES;
				CLANG_WARN_STRICT_PROTOTYPES = YES;
				CLANG_WARN_SUSPICIOUS_MOVE = YES;
				CLANG_WARN_UNGUARDED_AVAILABILITY = YES_AGGRESSIVE;
				CLANG_WARN_UNREACHABLE_CODE = YES;
				CLANG_WARN__DUPLICATE_METHOD_MATCH = YES;
				COPY_PHASE_STRIP = NO;
				DEBUG_INFORMATION_FORMAT = "dwarf-with-dsym";
				ENABLE_NS_ASSERTIONS = NO;
				ENABLE_STRICT_OBJC_MSGSEND = YES;
				GCC_C_LANGUAGE_STANDARD = gnu11;
				GCC_NO_COMMON_BLOCKS = YES;
				GCC_WARN_64_TO_32_BIT_CONVERSION = YES;
				GCC_WARN_ABOUT_RETURN_TYPE = YES_ERROR;
				GCC_WARN_UNDECLARED_SELECTOR = YES;
				GCC_WARN_UNINITIALIZED_AUTOS = YES_AGGRESSIVE;
				GCC_WARN_UNUSED_FUNCTION = YES;
				GCC_WARN_UNUSED_VARIABLE = YES;
				IPHONEOS_DEPLOYMENT_TARGET = 14.3;
				MTL_ENABLE_DEBUG_INFO = NO;
				MTL_FAST_MATH = YES;
				SDKROOT = iphoneos;
				SWIFT_COMPILATION_MODE = wholemodule;
				SWIFT_OPTIMIZATION_LEVEL = "-O";
				VALIDATE_PRODUCT = YES;
			};
			name = Release;
		};
		0BEF4E1B25CD86D500B6FE8C /* Debug */ = {
			isa = XCBuildConfiguration;
			buildSettings = {
				ASSETCATALOG_COMPILER_APPICON_NAME = AppIcon;
				ASSETCATALOG_COMPILER_GLOBAL_ACCENT_COLOR_NAME = AccentColor;
				CODE_SIGN_ENTITLEMENTS = ClickUpdate/ClickUpdate.entitlements;
				CODE_SIGN_STYLE = Automatic;
				DEVELOPMENT_TEAM = JCC32S9S9V;
				INFOPLIST_FILE = ClickUpdate/Info.plist;
				LD_RUNPATH_SEARCH_PATHS = (
					"$(inherited)",
					"@executable_path/Frameworks",
				);
				PRODUCT_BUNDLE_IDENTIFIER = developeracademy.ClickUpdate;
				PRODUCT_NAME = "$(TARGET_NAME)";
				SWIFT_VERSION = 5.0;
				TARGETED_DEVICE_FAMILY = "1,2";
			};
			name = Debug;
		};
		0BEF4E1C25CD86D500B6FE8C /* Release */ = {
			isa = XCBuildConfiguration;
			buildSettings = {
				ASSETCATALOG_COMPILER_APPICON_NAME = AppIcon;
				ASSETCATALOG_COMPILER_GLOBAL_ACCENT_COLOR_NAME = AccentColor;
				CODE_SIGN_ENTITLEMENTS = ClickUpdate/ClickUpdate.entitlements;
				CODE_SIGN_STYLE = Automatic;
				DEVELOPMENT_TEAM = JCC32S9S9V;
				INFOPLIST_FILE = ClickUpdate/Info.plist;
				LD_RUNPATH_SEARCH_PATHS = (
					"$(inherited)",
					"@executable_path/Frameworks",
				);
				PRODUCT_BUNDLE_IDENTIFIER = developeracademy.ClickUpdate;
				PRODUCT_NAME = "$(TARGET_NAME)";
				SWIFT_VERSION = 5.0;
				TARGETED_DEVICE_FAMILY = "1,2";
			};
			name = Release;
		};
		0BEF4E1E25CD86D500B6FE8C /* Debug */ = {
			isa = XCBuildConfiguration;
			buildSettings = {
				ALWAYS_EMBED_SWIFT_STANDARD_LIBRARIES = YES;
				BUNDLE_LOADER = "$(TEST_HOST)";
				CODE_SIGN_STYLE = Automatic;
				DEVELOPMENT_TEAM = JCC32S9S9V;
				INFOPLIST_FILE = ClickUpdateTests/Info.plist;
				IPHONEOS_DEPLOYMENT_TARGET = 14.3;
				LD_RUNPATH_SEARCH_PATHS = (
					"$(inherited)",
					"@executable_path/Frameworks",
					"@loader_path/Frameworks",
				);
				PRODUCT_BUNDLE_IDENTIFIER = developeracademy.ClickUpdateTests;
				PRODUCT_NAME = "$(TARGET_NAME)";
				SWIFT_VERSION = 5.0;
				TARGETED_DEVICE_FAMILY = "1,2";
				TEST_HOST = "$(BUILT_PRODUCTS_DIR)/ClickUpdate.app/ClickUpdate";
			};
			name = Debug;
		};
		0BEF4E1F25CD86D500B6FE8C /* Release */ = {
			isa = XCBuildConfiguration;
			buildSettings = {
				ALWAYS_EMBED_SWIFT_STANDARD_LIBRARIES = YES;
				BUNDLE_LOADER = "$(TEST_HOST)";
				CODE_SIGN_STYLE = Automatic;
				DEVELOPMENT_TEAM = JCC32S9S9V;
				INFOPLIST_FILE = ClickUpdateTests/Info.plist;
				IPHONEOS_DEPLOYMENT_TARGET = 14.3;
				LD_RUNPATH_SEARCH_PATHS = (
					"$(inherited)",
					"@executable_path/Frameworks",
					"@loader_path/Frameworks",
				);
				PRODUCT_BUNDLE_IDENTIFIER = developeracademy.ClickUpdateTests;
				PRODUCT_NAME = "$(TARGET_NAME)";
				SWIFT_VERSION = 5.0;
				TARGETED_DEVICE_FAMILY = "1,2";
				TEST_HOST = "$(BUILT_PRODUCTS_DIR)/ClickUpdate.app/ClickUpdate";
			};
			name = Release;
		};
		0BEF4E2125CD86D500B6FE8C /* Debug */ = {
			isa = XCBuildConfiguration;
			buildSettings = {
				ALWAYS_EMBED_SWIFT_STANDARD_LIBRARIES = YES;
				CODE_SIGN_STYLE = Automatic;
				DEVELOPMENT_TEAM = JCC32S9S9V;
				INFOPLIST_FILE = ClickUpdateUITests/Info.plist;
				LD_RUNPATH_SEARCH_PATHS = (
					"$(inherited)",
					"@executable_path/Frameworks",
					"@loader_path/Frameworks",
				);
				PRODUCT_BUNDLE_IDENTIFIER = developeracademy.ClickUpdateUITests;
				PRODUCT_NAME = "$(TARGET_NAME)";
				SWIFT_VERSION = 5.0;
				TARGETED_DEVICE_FAMILY = "1,2";
				TEST_TARGET_NAME = ClickUpdate;
			};
			name = Debug;
		};
		0BEF4E2225CD86D500B6FE8C /* Release */ = {
			isa = XCBuildConfiguration;
			buildSettings = {
				ALWAYS_EMBED_SWIFT_STANDARD_LIBRARIES = YES;
				CODE_SIGN_STYLE = Automatic;
				DEVELOPMENT_TEAM = JCC32S9S9V;
				INFOPLIST_FILE = ClickUpdateUITests/Info.plist;
				LD_RUNPATH_SEARCH_PATHS = (
					"$(inherited)",
					"@executable_path/Frameworks",
					"@loader_path/Frameworks",
				);
				PRODUCT_BUNDLE_IDENTIFIER = developeracademy.ClickUpdateUITests;
				PRODUCT_NAME = "$(TARGET_NAME)";
				SWIFT_VERSION = 5.0;
				TARGETED_DEVICE_FAMILY = "1,2";
				TEST_TARGET_NAME = ClickUpdate;
			};
			name = Release;
		};
/* End XCBuildConfiguration section */

/* Begin XCConfigurationList section */
		0BEF4DE825CD86D300B6FE8C /* Build configuration list for PBXProject "ClickUpdate" */ = {
			isa = XCConfigurationList;
			buildConfigurations = (
				0BEF4E1825CD86D500B6FE8C /* Debug */,
				0BEF4E1925CD86D500B6FE8C /* Release */,
			);
			defaultConfigurationIsVisible = 0;
			defaultConfigurationName = Release;
		};
		0BEF4E1A25CD86D500B6FE8C /* Build configuration list for PBXNativeTarget "ClickUpdate" */ = {
			isa = XCConfigurationList;
			buildConfigurations = (
				0BEF4E1B25CD86D500B6FE8C /* Debug */,
				0BEF4E1C25CD86D500B6FE8C /* Release */,
			);
			defaultConfigurationIsVisible = 0;
			defaultConfigurationName = Release;
		};
		0BEF4E1D25CD86D500B6FE8C /* Build configuration list for PBXNativeTarget "ClickUpdateTests" */ = {
			isa = XCConfigurationList;
			buildConfigurations = (
				0BEF4E1E25CD86D500B6FE8C /* Debug */,
				0BEF4E1F25CD86D500B6FE8C /* Release */,
			);
			defaultConfigurationIsVisible = 0;
			defaultConfigurationName = Release;
		};
		0BEF4E2025CD86D500B6FE8C /* Build configuration list for PBXNativeTarget "ClickUpdateUITests" */ = {
			isa = XCConfigurationList;
			buildConfigurations = (
				0BEF4E2125CD86D500B6FE8C /* Debug */,
				0BEF4E2225CD86D500B6FE8C /* Release */,
			);
			defaultConfigurationIsVisible = 0;
			defaultConfigurationName = Release;
		};
/* End XCConfigurationList section */

/* Begin XCVersionGroup section */
		0BEF4DF925CD86D300B6FE8C /* ClickUpdate.xcdatamodeld */ = {
			isa = XCVersionGroup;
			children = (
				0BEF4DFA25CD86D300B6FE8C /* ClickUpdate.xcdatamodel */,
			);
			currentVersion = 0BEF4DFA25CD86D300B6FE8C /* ClickUpdate.xcdatamodel */;
			path = ClickUpdate.xcdatamodeld;
			sourceTree = "<group>";
			versionGroupType = wrapper.xcdatamodel;
		};
/* End XCVersionGroup section */
	};
	rootObject = 0BEF4DE525CD86D300B6FE8C /* Project object */;
}
